// !$*UTF8*$!
{
	archiveVersion = 1;
	classes = {
	};
	objectVersion = 56;
	objects = {

/* Begin PBXBuildFile section */
		B469165028D9E6B7004FE38F /* AppDelegate.swift in Sources */ = {isa = PBXBuildFile; fileRef = B469164F28D9E6B7004FE38F /* AppDelegate.swift */; };
		B469165228D9E6B7004FE38F /* ContentView.swift in Sources */ = {isa = PBXBuildFile; fileRef = B469165128D9E6B7004FE38F /* ContentView.swift */; };
		B469165428D9E6B8004FE38F /* Assets.xcassets in Resources */ = {isa = PBXBuildFile; fileRef = B469165328D9E6B8004FE38F /* Assets.xcassets */; };
		B469165728D9E6B8004FE38F /* Preview Assets.xcassets in Resources */ = {isa = PBXBuildFile; fileRef = B469165628D9E6B8004FE38F /* Preview Assets.xcassets */; };
		B469166228D9E6B8004FE38F /* TimeTracker_ClientTests.swift in Sources */ = {isa = PBXBuildFile; fileRef = B469166128D9E6B8004FE38F /* TimeTracker_ClientTests.swift */; };
		B469166C28D9E6B8004FE38F /* TimeTracker_ClientUITests.swift in Sources */ = {isa = PBXBuildFile; fileRef = B469166B28D9E6B8004FE38F /* TimeTracker_ClientUITests.swift */; };
		B469166E28D9E6B8004FE38F /* TimeTracker_ClientUITestsLaunchTests.swift in Sources */ = {isa = PBXBuildFile; fileRef = B469166D28D9E6B8004FE38F /* TimeTracker_ClientUITestsLaunchTests.swift */; };
		B469167B28D9E73E004FE38F /* main.swift in Sources */ = {isa = PBXBuildFile; fileRef = B469167A28D9E73E004FE38F /* main.swift */; };
		B469168328D9EBA4004FE38F /* Menu.swift in Sources */ = {isa = PBXBuildFile; fileRef = B469168228D9EBA4004FE38F /* Menu.swift */; };
/* End PBXBuildFile section */

/* Begin PBXContainerItemProxy section */
		B469165E28D9E6B8004FE38F /* PBXContainerItemProxy */ = {
			isa = PBXContainerItemProxy;
			containerPortal = B469164428D9E6B7004FE38F /* Project object */;
			proxyType = 1;
			remoteGlobalIDString = B469164B28D9E6B7004FE38F;
			remoteInfo = "TimeTracker-Client";
		};
		B469166828D9E6B8004FE38F /* PBXContainerItemProxy */ = {
			isa = PBXContainerItemProxy;
			containerPortal = B469164428D9E6B7004FE38F /* Project object */;
			proxyType = 1;
			remoteGlobalIDString = B469164B28D9E6B7004FE38F;
			remoteInfo = "TimeTracker-Client";
		};
/* End PBXContainerItemProxy section */

/* Begin PBXFileReference section */
		B469164C28D9E6B7004FE38F /* TimeTracker-Client.app */ = {isa = PBXFileReference; explicitFileType = wrapper.application; includeInIndex = 0; path = "TimeTracker-Client.app"; sourceTree = BUILT_PRODUCTS_DIR; };
		B469164F28D9E6B7004FE38F /* AppDelegate.swift */ = {isa = PBXFileReference; lastKnownFileType = sourcecode.swift; path = AppDelegate.swift; sourceTree = "<group>"; };
		B469165128D9E6B7004FE38F /* ContentView.swift */ = {isa = PBXFileReference; lastKnownFileType = sourcecode.swift; path = ContentView.swift; sourceTree = "<group>"; };
		B469165328D9E6B8004FE38F /* Assets.xcassets */ = {isa = PBXFileReference; lastKnownFileType = folder.assetcatalog; path = Assets.xcassets; sourceTree = "<group>"; };
		B469165628D9E6B8004FE38F /* Preview Assets.xcassets */ = {isa = PBXFileReference; lastKnownFileType = folder.assetcatalog; path = "Preview Assets.xcassets"; sourceTree = "<group>"; };
		B469165828D9E6B8004FE38F /* TimeTracker_Client.entitlements */ = {isa = PBXFileReference; lastKnownFileType = text.plist.entitlements; path = TimeTracker_Client.entitlements; sourceTree = "<group>"; };
		B469165D28D9E6B8004FE38F /* TimeTracker-ClientTests.xctest */ = {isa = PBXFileReference; explicitFileType = wrapper.cfbundle; includeInIndex = 0; path = "TimeTracker-ClientTests.xctest"; sourceTree = BUILT_PRODUCTS_DIR; };
		B469166128D9E6B8004FE38F /* TimeTracker_ClientTests.swift */ = {isa = PBXFileReference; lastKnownFileType = sourcecode.swift; path = TimeTracker_ClientTests.swift; sourceTree = "<group>"; };
		B469166728D9E6B8004FE38F /* TimeTracker-ClientUITests.xctest */ = {isa = PBXFileReference; explicitFileType = wrapper.cfbundle; includeInIndex = 0; path = "TimeTracker-ClientUITests.xctest"; sourceTree = BUILT_PRODUCTS_DIR; };
		B469166B28D9E6B8004FE38F /* TimeTracker_ClientUITests.swift */ = {isa = PBXFileReference; lastKnownFileType = sourcecode.swift; path = TimeTracker_ClientUITests.swift; sourceTree = "<group>"; };
		B469166D28D9E6B8004FE38F /* TimeTracker_ClientUITestsLaunchTests.swift */ = {isa = PBXFileReference; lastKnownFileType = sourcecode.swift; path = TimeTracker_ClientUITestsLaunchTests.swift; sourceTree = "<group>"; };
		B469167A28D9E73E004FE38F /* main.swift */ = {isa = PBXFileReference; lastKnownFileType = sourcecode.swift; path = main.swift; sourceTree = "<group>"; };
		B469168228D9EBA4004FE38F /* Menu.swift */ = {isa = PBXFileReference; lastKnownFileType = sourcecode.swift; path = Menu.swift; sourceTree = "<group>"; };
/* End PBXFileReference section */

/* Begin PBXFrameworksBuildPhase section */
		B469164928D9E6B7004FE38F /* Frameworks */ = {
			isa = PBXFrameworksBuildPhase;
			buildActionMask = 2147483647;
			files = (
			);
			runOnlyForDeploymentPostprocessing = 0;
		};
		B469165A28D9E6B8004FE38F /* Frameworks */ = {
			isa = PBXFrameworksBuildPhase;
			buildActionMask = 2147483647;
			files = (
			);
			runOnlyForDeploymentPostprocessing = 0;
		};
		B469166428D9E6B8004FE38F /* Frameworks */ = {
			isa = PBXFrameworksBuildPhase;
			buildActionMask = 2147483647;
			files = (
			);
			runOnlyForDeploymentPostprocessing = 0;
		};
/* End PBXFrameworksBuildPhase section */

/* Begin PBXGroup section */
		B469164328D9E6B7004FE38F = {
			isa = PBXGroup;
			children = (
				B469164E28D9E6B7004FE38F /* TimeTracker-Client */,
				B469166028D9E6B8004FE38F /* TimeTracker-ClientTests */,
				B469166A28D9E6B8004FE38F /* TimeTracker-ClientUITests */,
				B469164D28D9E6B7004FE38F /* Products */,
			);
			sourceTree = "<group>";
		};
		B469164D28D9E6B7004FE38F /* Products */ = {
			isa = PBXGroup;
			children = (
				B469164C28D9E6B7004FE38F /* TimeTracker-Client.app */,
				B469165D28D9E6B8004FE38F /* TimeTracker-ClientTests.xctest */,
				B469166728D9E6B8004FE38F /* TimeTracker-ClientUITests.xctest */,
			);
			name = Products;
			sourceTree = "<group>";
		};
		B469164E28D9E6B7004FE38F /* TimeTracker-Client */ = {
			isa = PBXGroup;
			children = (
				B469168128D9EB6B004FE38F /* View */,
				B469164F28D9E6B7004FE38F /* AppDelegate.swift */,
				B469165128D9E6B7004FE38F /* ContentView.swift */,
				B469165328D9E6B8004FE38F /* Assets.xcassets */,
				B469165828D9E6B8004FE38F /* TimeTracker_Client.entitlements */,
				B469165528D9E6B8004FE38F /* Preview Content */,
				B469167A28D9E73E004FE38F /* main.swift */,
			);
			path = "TimeTracker-Client";
			sourceTree = "<group>";
		};
		B469165528D9E6B8004FE38F /* Preview Content */ = {
			isa = PBXGroup;
			children = (
				B469165628D9E6B8004FE38F /* Preview Assets.xcassets */,
			);
			path = "Preview Content";
			sourceTree = "<group>";
		};
		B469166028D9E6B8004FE38F /* TimeTracker-ClientTests */ = {
			isa = PBXGroup;
			children = (
				B469166128D9E6B8004FE38F /* TimeTracker_ClientTests.swift */,
			);
			path = "TimeTracker-ClientTests";
			sourceTree = "<group>";
		};
		B469166A28D9E6B8004FE38F /* TimeTracker-ClientUITests */ = {
			isa = PBXGroup;
			children = (
				B469166B28D9E6B8004FE38F /* TimeTracker_ClientUITests.swift */,
				B469166D28D9E6B8004FE38F /* TimeTracker_ClientUITestsLaunchTests.swift */,
			);
			path = "TimeTracker-ClientUITests";
			sourceTree = "<group>";
		};
		B469168128D9EB6B004FE38F /* View */ = {
			isa = PBXGroup;
			children = (
				B469168228D9EBA4004FE38F /* Menu.swift */,
			);
			path = View;
			sourceTree = "<group>";
		};
/* End PBXGroup section */

/* Begin PBXNativeTarget section */
		B469164B28D9E6B7004FE38F /* TimeTracker-Client */ = {
			isa = PBXNativeTarget;
			buildConfigurationList = B469167128D9E6B8004FE38F /* Build configuration list for PBXNativeTarget "TimeTracker-Client" */;
			buildPhases = (
				B469164828D9E6B7004FE38F /* Sources */,
				B469164928D9E6B7004FE38F /* Frameworks */,
				B469164A28D9E6B7004FE38F /* Resources */,
			);
			buildRules = (
			);
			dependencies = (
			);
			name = "TimeTracker-Client";
			productName = "TimeTracker-Client";
			productReference = B469164C28D9E6B7004FE38F /* TimeTracker-Client.app */;
			productType = "com.apple.product-type.application";
		};
		B469165C28D9E6B8004FE38F /* TimeTracker-ClientTests */ = {
			isa = PBXNativeTarget;
			buildConfigurationList = B469167428D9E6B8004FE38F /* Build configuration list for PBXNativeTarget "TimeTracker-ClientTests" */;
			buildPhases = (
				B469165928D9E6B8004FE38F /* Sources */,
				B469165A28D9E6B8004FE38F /* Frameworks */,
				B469165B28D9E6B8004FE38F /* Resources */,
			);
			buildRules = (
			);
			dependencies = (
				B469165F28D9E6B8004FE38F /* PBXTargetDependency */,
			);
			name = "TimeTracker-ClientTests";
			productName = "TimeTracker-ClientTests";
			productReference = B469165D28D9E6B8004FE38F /* TimeTracker-ClientTests.xctest */;
			productType = "com.apple.product-type.bundle.unit-test";
		};
		B469166628D9E6B8004FE38F /* TimeTracker-ClientUITests */ = {
			isa = PBXNativeTarget;
			buildConfigurationList = B469167728D9E6B8004FE38F /* Build configuration list for PBXNativeTarget "TimeTracker-ClientUITests" */;
			buildPhases = (
				B469166328D9E6B8004FE38F /* Sources */,
				B469166428D9E6B8004FE38F /* Frameworks */,
				B469166528D9E6B8004FE38F /* Resources */,
			);
			buildRules = (
			);
			dependencies = (
				B469166928D9E6B8004FE38F /* PBXTargetDependency */,
			);
			name = "TimeTracker-ClientUITests";
			productName = "TimeTracker-ClientUITests";
			productReference = B469166728D9E6B8004FE38F /* TimeTracker-ClientUITests.xctest */;
			productType = "com.apple.product-type.bundle.ui-testing";
		};
/* End PBXNativeTarget section */

/* Begin PBXProject section */
		B469164428D9E6B7004FE38F /* Project object */ = {
			isa = PBXProject;
			attributes = {
				BuildIndependentTargetsInParallel = 1;
				LastSwiftUpdateCheck = 1400;
				LastUpgradeCheck = 1400;
				TargetAttributes = {
					B469164B28D9E6B7004FE38F = {
						CreatedOnToolsVersion = 14.0;
					};
					B469165C28D9E6B8004FE38F = {
						CreatedOnToolsVersion = 14.0;
						TestTargetID = B469164B28D9E6B7004FE38F;
					};
					B469166628D9E6B8004FE38F = {
						CreatedOnToolsVersion = 14.0;
						TestTargetID = B469164B28D9E6B7004FE38F;
					};
				};
			};
			buildConfigurationList = B469164728D9E6B7004FE38F /* Build configuration list for PBXProject "TimeTracker-Client" */;
			compatibilityVersion = "Xcode 14.0";
			developmentRegion = en;
			hasScannedForEncodings = 0;
			knownRegions = (
				en,
				Base,
			);
			mainGroup = B469164328D9E6B7004FE38F;
			productRefGroup = B469164D28D9E6B7004FE38F /* Products */;
			projectDirPath = "";
			projectRoot = "";
			targets = (
				B469164B28D9E6B7004FE38F /* TimeTracker-Client */,
				B469165C28D9E6B8004FE38F /* TimeTracker-ClientTests */,
				B469166628D9E6B8004FE38F /* TimeTracker-ClientUITests */,
			);
		};
/* End PBXProject section */

/* Begin PBXResourcesBuildPhase section */
		B469164A28D9E6B7004FE38F /* Resources */ = {
			isa = PBXResourcesBuildPhase;
			buildActionMask = 2147483647;
			files = (
				B469165728D9E6B8004FE38F /* Preview Assets.xcassets in Resources */,
				B469165428D9E6B8004FE38F /* Assets.xcassets in Resources */,
			);
			runOnlyForDeploymentPostprocessing = 0;
		};
		B469165B28D9E6B8004FE38F /* Resources */ = {
			isa = PBXResourcesBuildPhase;
			buildActionMask = 2147483647;
			files = (
			);
			runOnlyForDeploymentPostprocessing = 0;
		};
		B469166528D9E6B8004FE38F /* Resources */ = {
			isa = PBXResourcesBuildPhase;
			buildActionMask = 2147483647;
			files = (
			);
			runOnlyForDeploymentPostprocessing = 0;
		};
/* End PBXResourcesBuildPhase section */

/* Begin PBXSourcesBuildPhase section */
		B469164828D9E6B7004FE38F /* Sources */ = {
			isa = PBXSourcesBuildPhase;
			buildActionMask = 2147483647;
			files = (
				B469165228D9E6B7004FE38F /* ContentView.swift in Sources */,
				B469165028D9E6B7004FE38F /* AppDelegate.swift in Sources */,
				B469168328D9EBA4004FE38F /* Menu.swift in Sources */,
				B469167B28D9E73E004FE38F /* main.swift in Sources */,
			);
			runOnlyForDeploymentPostprocessing = 0;
		};
		B469165928D9E6B8004FE38F /* Sources */ = {
			isa = PBXSourcesBuildPhase;
			buildActionMask = 2147483647;
			files = (
				B469166228D9E6B8004FE38F /* TimeTracker_ClientTests.swift in Sources */,
			);
			runOnlyForDeploymentPostprocessing = 0;
		};
		B469166328D9E6B8004FE38F /* Sources */ = {
			isa = PBXSourcesBuildPhase;
			buildActionMask = 2147483647;
			files = (
				B469166C28D9E6B8004FE38F /* TimeTracker_ClientUITests.swift in Sources */,
				B469166E28D9E6B8004FE38F /* TimeTracker_ClientUITestsLaunchTests.swift in Sources */,
			);
			runOnlyForDeploymentPostprocessing = 0;
		};
/* End PBXSourcesBuildPhase section */

/* Begin PBXTargetDependency section */
		B469165F28D9E6B8004FE38F /* PBXTargetDependency */ = {
			isa = PBXTargetDependency;
			target = B469164B28D9E6B7004FE38F /* TimeTracker-Client */;
			targetProxy = B469165E28D9E6B8004FE38F /* PBXContainerItemProxy */;
		};
		B469166928D9E6B8004FE38F /* PBXTargetDependency */ = {
			isa = PBXTargetDependency;
			target = B469164B28D9E6B7004FE38F /* TimeTracker-Client */;
			targetProxy = B469166828D9E6B8004FE38F /* PBXContainerItemProxy */;
		};
/* End PBXTargetDependency section */

/* Begin XCBuildConfiguration section */
		B469166F28D9E6B8004FE38F /* Debug */ = {
			isa = XCBuildConfiguration;
			buildSettings = {
				ALWAYS_SEARCH_USER_PATHS = NO;
				CLANG_ANALYZER_NONNULL = YES;
				CLANG_ANALYZER_NUMBER_OBJECT_CONVERSION = YES_AGGRESSIVE;
				CLANG_CXX_LANGUAGE_STANDARD = "gnu++20";
				CLANG_ENABLE_MODULES = YES;
				CLANG_ENABLE_OBJC_ARC = YES;
				CLANG_ENABLE_OBJC_WEAK = YES;
				CLANG_WARN_BLOCK_CAPTURE_AUTORELEASING = YES;
				CLANG_WARN_BOOL_CONVERSION = YES;
				CLANG_WARN_COMMA = YES;
				CLANG_WARN_CONSTANT_CONVERSION = YES;
				CLANG_WARN_DEPRECATED_OBJC_IMPLEMENTATIONS = YES;
				CLANG_WARN_DIRECT_OBJC_ISA_USAGE = YES_ERROR;
				CLANG_WARN_DOCUMENTATION_COMMENTS = YES;
				CLANG_WARN_EMPTY_BODY = YES;
				CLANG_WARN_ENUM_CONVERSION = YES;
				CLANG_WARN_INFINITE_RECURSION = YES;
				CLANG_WARN_INT_CONVERSION = YES;
				CLANG_WARN_NON_LITERAL_NULL_CONVERSION = YES;
				CLANG_WARN_OBJC_IMPLICIT_RETAIN_SELF = YES;
				CLANG_WARN_OBJC_LITERAL_CONVERSION = YES;
				CLANG_WARN_OBJC_ROOT_CLASS = YES_ERROR;
				CLANG_WARN_QUOTED_INCLUDE_IN_FRAMEWORK_HEADER = YES;
				CLANG_WARN_RANGE_LOOP_ANALYSIS = YES;
				CLANG_WARN_STRICT_PROTOTYPES = YES;
				CLANG_WARN_SUSPICIOUS_MOVE = YES;
				CLANG_WARN_UNGUARDED_AVAILABILITY = YES_AGGRESSIVE;
				CLANG_WARN_UNREACHABLE_CODE = YES;
				CLANG_WARN__DUPLICATE_METHOD_MATCH = YES;
				COPY_PHASE_STRIP = NO;
				DEBUG_INFORMATION_FORMAT = dwarf;
				ENABLE_STRICT_OBJC_MSGSEND = YES;
				ENABLE_TESTABILITY = YES;
				GCC_C_LANGUAGE_STANDARD = gnu11;
				GCC_DYNAMIC_NO_PIC = NO;
				GCC_NO_COMMON_BLOCKS = YES;
				GCC_OPTIMIZATION_LEVEL = 0;
				GCC_PREPROCESSOR_DEFINITIONS = (
					"DEBUG=1",
					"$(inherited)",
				);
				GCC_WARN_64_TO_32_BIT_CONVERSION = YES;
				GCC_WARN_ABOUT_RETURN_TYPE = YES_ERROR;
				GCC_WARN_UNDECLARED_SELECTOR = YES;
				GCC_WARN_UNINITIALIZED_AUTOS = YES_AGGRESSIVE;
				GCC_WARN_UNUSED_FUNCTION = YES;
				GCC_WARN_UNUSED_VARIABLE = YES;
				MACOSX_DEPLOYMENT_TARGET = 12.3;
				MTL_ENABLE_DEBUG_INFO = INCLUDE_SOURCE;
				MTL_FAST_MATH = YES;
				ONLY_ACTIVE_ARCH = YES;
				SDKROOT = macosx;
				SWIFT_ACTIVE_COMPILATION_CONDITIONS = DEBUG;
				SWIFT_OPTIMIZATION_LEVEL = "-Onone";
			};
			name = Debug;
		};
		B469167028D9E6B8004FE38F /* Release */ = {
			isa = XCBuildConfiguration;
			buildSettings = {
				ALWAYS_SEARCH_USER_PATHS = NO;
				CLANG_ANALYZER_NONNULL = YES;
				CLANG_ANALYZER_NUMBER_OBJECT_CONVERSION = YES_AGGRESSIVE;
				CLANG_CXX_LANGUAGE_STANDARD = "gnu++20";
				CLANG_ENABLE_MODULES = YES;
				CLANG_ENABLE_OBJC_ARC = YES;
				CLANG_ENABLE_OBJC_WEAK = YES;
				CLANG_WARN_BLOCK_CAPTURE_AUTORELEASING = YES;
				CLANG_WARN_BOOL_CONVERSION = YES;
				CLANG_WARN_COMMA = YES;
				CLANG_WARN_CONSTANT_CONVERSION = YES;
				CLANG_WARN_DEPRECATED_OBJC_IMPLEMENTATIONS = YES;
				CLANG_WARN_DIRECT_OBJC_ISA_USAGE = YES_ERROR;
				CLANG_WARN_DOCUMENTATION_COMMENTS = YES;
				CLANG_WARN_EMPTY_BODY = YES;
				CLANG_WARN_ENUM_CONVERSION = YES;
				CLANG_WARN_INFINITE_RECURSION = YES;
				CLANG_WARN_INT_CONVERSION = YES;
				CLANG_WARN_NON_LITERAL_NULL_CONVERSION = YES;
				CLANG_WARN_OBJC_IMPLICIT_RETAIN_SELF = YES;
				CLANG_WARN_OBJC_LITERAL_CONVERSION = YES;
				CLANG_WARN_OBJC_ROOT_CLASS = YES_ERROR;
				CLANG_WARN_QUOTED_INCLUDE_IN_FRAMEWORK_HEADER = YES;
				CLANG_WARN_RANGE_LOOP_ANALYSIS = YES;
				CLANG_WARN_STRICT_PROTOTYPES = YES;
				CLANG_WARN_SUSPICIOUS_MOVE = YES;
				CLANG_WARN_UNGUARDED_AVAILABILITY = YES_AGGRESSIVE;
				CLANG_WARN_UNREACHABLE_CODE = YES;
				CLANG_WARN__DUPLICATE_METHOD_MATCH = YES;
				COPY_PHASE_STRIP = NO;
				DEBUG_INFORMATION_FORMAT = "dwarf-with-dsym";
				ENABLE_NS_ASSERTIONS = NO;
				ENABLE_STRICT_OBJC_MSGSEND = YES;
				GCC_C_LANGUAGE_STANDARD = gnu11;
				GCC_NO_COMMON_BLOCKS = YES;
				GCC_WARN_64_TO_32_BIT_CONVERSION = YES;
				GCC_WARN_ABOUT_RETURN_TYPE = YES_ERROR;
				GCC_WARN_UNDECLARED_SELECTOR = YES;
				GCC_WARN_UNINITIALIZED_AUTOS = YES_AGGRESSIVE;
				GCC_WARN_UNUSED_FUNCTION = YES;
				GCC_WARN_UNUSED_VARIABLE = YES;
				MACOSX_DEPLOYMENT_TARGET = 12.3;
				MTL_ENABLE_DEBUG_INFO = NO;
				MTL_FAST_MATH = YES;
				SDKROOT = macosx;
				SWIFT_COMPILATION_MODE = wholemodule;
				SWIFT_OPTIMIZATION_LEVEL = "-O";
			};
			name = Release;
		};
		B469167228D9E6B8004FE38F /* Debug */ = {
			isa = XCBuildConfiguration;
			buildSettings = {
				ASSETCATALOG_COMPILER_APPICON_NAME = AppIcon;
				ASSETCATALOG_COMPILER_GLOBAL_ACCENT_COLOR_NAME = AccentColor;
				CODE_SIGN_ENTITLEMENTS = "TimeTracker-Client/TimeTracker_Client.entitlements";
				CODE_SIGN_STYLE = Automatic;
				COMBINE_HIDPI_IMAGES = YES;
				CURRENT_PROJECT_VERSION = 1;
				DEVELOPMENT_ASSET_PATHS = "\"TimeTracker-Client/Preview Content\"";
				ENABLE_PREVIEWS = YES;
				GENERATE_INFOPLIST_FILE = YES;
				INFOPLIST_KEY_NSHumanReadableCopyright = "";
				LD_RUNPATH_SEARCH_PATHS = (
					"$(inherited)",
					"@executable_path/../Frameworks",
				);
				MARKETING_VERSION = 1.0;
				PRODUCT_BUNDLE_IDENTIFIER = "com.spcfy.TimeTracker-Client";
				PRODUCT_NAME = "$(TARGET_NAME)";
				SWIFT_EMIT_LOC_STRINGS = YES;
				SWIFT_VERSION = 5.0;
			};
			name = Debug;
		};
		B469167328D9E6B8004FE38F /* Release */ = {
			isa = XCBuildConfiguration;
			buildSettings = {
				ASSETCATALOG_COMPILER_APPICON_NAME = AppIcon;
				ASSETCATALOG_COMPILER_GLOBAL_ACCENT_COLOR_NAME = AccentColor;
				CODE_SIGN_ENTITLEMENTS = "TimeTracker-Client/TimeTracker_Client.entitlements";
				CODE_SIGN_STYLE = Automatic;
				COMBINE_HIDPI_IMAGES = YES;
				CURRENT_PROJECT_VERSION = 1;
				DEVELOPMENT_ASSET_PATHS = "\"TimeTracker-Client/Preview Content\"";
				ENABLE_PREVIEWS = YES;
				GENERATE_INFOPLIST_FILE = YES;
				INFOPLIST_KEY_NSHumanReadableCopyright = "";
				LD_RUNPATH_SEARCH_PATHS = (
					"$(inherited)",
					"@executable_path/../Frameworks",
				);
				MARKETING_VERSION = 1.0;
				PRODUCT_BUNDLE_IDENTIFIER = "com.spcfy.TimeTracker-Client";
				PRODUCT_NAME = "$(TARGET_NAME)";
				SWIFT_EMIT_LOC_STRINGS = YES;
				SWIFT_VERSION = 5.0;
			};
			name = Release;
		};
		B469167528D9E6B8004FE38F /* Debug */ = {
			isa = XCBuildConfiguration;
			buildSettings = {
				ALWAYS_EMBED_SWIFT_STANDARD_LIBRARIES = YES;
				BUNDLE_LOADER = "$(TEST_HOST)";
				CODE_SIGN_STYLE = Automatic;
				CURRENT_PROJECT_VERSION = 1;
				GENERATE_INFOPLIST_FILE = YES;
				MACOSX_DEPLOYMENT_TARGET = 12.3;
				MARKETING_VERSION = 1.0;
				PRODUCT_BUNDLE_IDENTIFIER = "com.spcfy.TimeTracker-ClientTests";
				PRODUCT_NAME = "$(TARGET_NAME)";
				SWIFT_EMIT_LOC_STRINGS = NO;
				SWIFT_VERSION = 5.0;
				TEST_HOST = "$(BUILT_PRODUCTS_DIR)/TimeTracker-Client.app/$(BUNDLE_EXECUTABLE_FOLDER_PATH)/TimeTracker-Client";
			};
			name = Debug;
		};
		B469167628D9E6B8004FE38F /* Release */ = {
			isa = XCBuildConfiguration;
			buildSettings = {
				ALWAYS_EMBED_SWIFT_STANDARD_LIBRARIES = YES;
				BUNDLE_LOADER = "$(TEST_HOST)";
				CODE_SIGN_STYLE = Automatic;
				CURRENT_PROJECT_VERSION = 1;
				GENERATE_INFOPLIST_FILE = YES;
				MACOSX_DEPLOYMENT_TARGET = 12.3;
				MARKETING_VERSION = 1.0;
				PRODUCT_BUNDLE_IDENTIFIER = "com.spcfy.TimeTracker-ClientTests";
				PRODUCT_NAME = "$(TARGET_NAME)";
				SWIFT_EMIT_LOC_STRINGS = NO;
				SWIFT_VERSION = 5.0;
				TEST_HOST = "$(BUILT_PRODUCTS_DIR)/TimeTracker-Client.app/$(BUNDLE_EXECUTABLE_FOLDER_PATH)/TimeTracker-Client";
			};
			name = Release;
		};
		B469167828D9E6B8004FE38F /* Debug */ = {
			isa = XCBuildConfiguration;
			buildSettings = {
				ALWAYS_EMBED_SWIFT_STANDARD_LIBRARIES = YES;
				CODE_SIGN_STYLE = Automatic;
				CURRENT_PROJECT_VERSION = 1;
				GENERATE_INFOPLIST_FILE = YES;
				MARKETING_VERSION = 1.0;
				PRODUCT_BUNDLE_IDENTIFIER = "com.spcfy.TimeTracker-ClientUITests";
				PRODUCT_NAME = "$(TARGET_NAME)";
				SWIFT_EMIT_LOC_STRINGS = NO;
				SWIFT_VERSION = 5.0;
				TEST_TARGET_NAME = "TimeTracker-Client";
			};
			name = Debug;
		};
		B469167928D9E6B8004FE38F /* Release */ = {
			isa = XCBuildConfiguration;
			buildSettings = {
				ALWAYS_EMBED_SWIFT_STANDARD_LIBRARIES = YES;
				CODE_SIGN_STYLE = Automatic;
				CURRENT_PROJECT_VERSION = 1;
				GENERATE_INFOPLIST_FILE = YES;
				MARKETING_VERSION = 1.0;
				PRODUCT_BUNDLE_IDENTIFIER = "com.spcfy.TimeTracker-ClientUITests";
				PRODUCT_NAME = "$(TARGET_NAME)";
				SWIFT_EMIT_LOC_STRINGS = NO;
				SWIFT_VERSION = 5.0;
				TEST_TARGET_NAME = "TimeTracker-Client";
			};
			name = Release;
		};
/* End XCBuildConfiguration section */

/* Begin XCConfigurationList section */
		B469164728D9E6B7004FE38F /* Build configuration list for PBXProject "TimeTracker-Client" */ = {
			isa = XCConfigurationList;
			buildConfigurations = (
				B469166F28D9E6B8004FE38F /* Debug */,
				B469167028D9E6B8004FE38F /* Release */,
			);
			defaultConfigurationIsVisible = 0;
			defaultConfigurationName = Release;
		};
		B469167128D9E6B8004FE38F /* Build configuration list for PBXNativeTarget "TimeTracker-Client" */ = {
			isa = XCConfigurationList;
			buildConfigurations = (
				B469167228D9E6B8004FE38F /* Debug */,
				B469167328D9E6B8004FE38F /* Release */,
			);
			defaultConfigurationIsVisible = 0;
			defaultConfigurationName = Release;
		};
		B469167428D9E6B8004FE38F /* Build configuration list for PBXNativeTarget "TimeTracker-ClientTests" */ = {
			isa = XCConfigurationList;
			buildConfigurations = (
				B469167528D9E6B8004FE38F /* Debug */,
				B469167628D9E6B8004FE38F /* Release */,
			);
			defaultConfigurationIsVisible = 0;
			defaultConfigurationName = Release;
		};
		B469167728D9E6B8004FE38F /* Build configuration list for PBXNativeTarget "TimeTracker-ClientUITests" */ = {
			isa = XCConfigurationList;
			buildConfigurations = (
				B469167828D9E6B8004FE38F /* Debug */,
				B469167928D9E6B8004FE38F /* Release */,
			);
			defaultConfigurationIsVisible = 0;
			defaultConfigurationName = Release;
		};
/* End XCConfigurationList section */
	};
	rootObject = B469164428D9E6B7004FE38F /* Project object */;
}
